
Microsoft Visual Studio Solution File, Format Version 12.00
# Visual Studio Version 16
VisualStudioVersion = 16.0.29209.152
MinimumVisualStudioVersion = 10.0.40219.1
Project("{9A19103F-16F7-4668-BE54-9A1E7A4F7556}") = "MCB.Memphis.Web", "MCB.Memphis.Web\MCB.Memphis.Web.csproj", "{8DC43864-A1D6-431B-B6BE-B9C0C4C827A5}"
EndProject
Project("{9A19103F-16F7-4668-BE54-9A1E7A4F7556}") = "MCB.Memphis.Core", "MCB.Memphis.Core\MCB.Memphis.Core.csproj", "{81985392-9FD9-430E-8942-A4E31F75597B}"
EndProject
Project("{9A19103F-16F7-4668-BE54-9A1E7A4F7556}") = "MCB.Memphis.Services", "MCB.Memphis.Services\MCB.Memphis.Services.csproj", "{B61CF143-11E6-42F7-84F7-15B48DF52434}"
EndProject
Project("{9A19103F-16F7-4668-BE54-9A1E7A4F7556}") = "MCB.Memphis.MockServices", "MCB.Memphis.MokeServices\MCB.Memphis.MockServices.csproj", "{A0E37376-9320-4A99-993A-4D5D982F8188}"
EndProject
Project("{9A19103F-16F7-4668-BE54-9A1E7A4F7556}") = "MCB.Memphis.ApiServices", "MCB.Memphis.ApiServices\MCB.Memphis.ApiServices.csproj", "{DB46D31A-BC1B-44D9-88AB-7E0F66D1DA8D}"
EndProject
Global
	GlobalSection(SolutionConfigurationPlatforms) = preSolution
		Debug|Any CPU = Debug|Any CPU
		Release|Any CPU = Release|Any CPU
	EndGlobalSection
	GlobalSection(ProjectConfigurationPlatforms) = postSolution
		{8DC43864-A1D6-431B-B6BE-B9C0C4C827A5}.Debug|Any CPU.ActiveCfg = Debug|Any CPU
		{8DC43864-A1D6-431B-B6BE-B9C0C4C827A5}.Debug|Any CPU.Build.0 = Debug|Any CPU
		{8DC43864-A1D6-431B-B6BE-B9C0C4C827A5}.Release|Any CPU.ActiveCfg = Release|Any CPU
		{8DC43864-A1D6-431B-B6BE-B9C0C4C827A5}.Release|Any CPU.Build.0 = Release|Any CPU
		{81985392-9FD9-430E-8942-A4E31F75597B}.Debug|Any CPU.ActiveCfg = Debug|Any CPU
		{81985392-9FD9-430E-8942-A4E31F75597B}.Debug|Any CPU.Build.0 = Debug|Any CPU
		{81985392-9FD9-430E-8942-A4E31F75597B}.Release|Any CPU.ActiveCfg = Release|Any CPU
		{81985392-9FD9-430E-8942-A4E31F75597B}.Release|Any CPU.Build.0 = Release|Any CPU
		{B61CF143-11E6-42F7-84F7-15B48DF52434}.Debug|Any CPU.ActiveCfg = Debug|Any CPU
		{B61CF143-11E6-42F7-84F7-15B48DF52434}.Debug|Any CPU.Build.0 = Debug|Any CPU
		{B61CF143-11E6-42F7-84F7-15B48DF52434}.Release|Any CPU.ActiveCfg = Release|Any CPU
		{B61CF143-11E6-42F7-84F7-15B48DF52434}.Release|Any CPU.Build.0 = Release|Any CPU
		{A0E37376-9320-4A99-993A-4D5D982F8188}.Debug|Any CPU.ActiveCfg = Debug|Any CPU
		{A0E37376-9320-4A99-993A-4D5D982F8188}.Debug|Any CPU.Build.0 = Debug|Any CPU
		{A0E37376-9320-4A99-993A-4D5D982F8188}.Release|Any CPU.ActiveCfg = Release|Any CPU
		{A0E37376-9320-4A99-993A-4D5D982F8188}.Release|Any CPU.Build.0 = Release|Any CPU
		{DB46D31A-BC1B-44D9-88AB-7E0F66D1DA8D}.Debug|Any CPU.ActiveCfg = Debug|Any CPU
		{DB46D31A-BC1B-44D9-88AB-7E0F66D1DA8D}.Debug|Any CPU.Build.0 = Debug|Any CPU
		{DB46D31A-BC1B-44D9-88AB-7E0F66D1DA8D}.Release|Any CPU.ActiveCfg = Release|Any CPU
		{DB46D31A-BC1B-44D9-88AB-7E0F66D1DA8D}.Release|Any CPU.Build.0 = Release|Any CPU
	EndGlobalSection
	GlobalSection(SolutionProperties) = preSolution
		HideSolutionNode = FALSE
	EndGlobalSection
	GlobalSection(ExtensibilityGlobals) = postSolution
		SolutionGuid = {64EF409D-5EDF-47B8-A515-1C6805420D2A}
	EndGlobalSection
EndGlobal
